
Microsoft Visual Studio Solution File, Format Version 12.00
# Visual Studio Version 17
VisualStudioVersion = 17.4.33110.190
MinimumVisualStudioVersion = 10.0.40219.1
Project("{FAE04EC0-301F-11D3-BF4B-00C04F79EFBC}") = "LoxInterpreter", "LoxInterpreter\LoxInterpreter.csproj", "{C6EDD01F-3C0D-4D13-81A7-C2EDED406CDE}"
EndProject
Global
	GlobalSection(SolutionConfigurationPlatforms) = preSolution
		Debug|Any CPU = Debug|Any CPU
		Release|Any CPU = Release|Any CPU
	EndGlobalSection
	GlobalSection(ProjectConfigurationPlatforms) = postSolution
		{C6EDD01F-3C0D-4D13-81A7-C2EDED406CDE}.Debug|Any CPU.ActiveCfg = Debug|Any CPU
		{C6EDD01F-3C0D-4D13-81A7-C2EDED406CDE}.Debug|Any CPU.Build.0 = Debug|Any CPU
		{C6EDD01F-3C0D-4D13-81A7-C2EDED406CDE}.Release|Any CPU.ActiveCfg = Release|Any CPU
		{C6EDD01F-3C0D-4D13-81A7-C2EDED406CDE}.Release|Any CPU.Build.0 = Release|Any CPU
	EndGlobalSection
	GlobalSection(SolutionProperties) = preSolution
		HideSolutionNode = FALSE
	EndGlobalSection
	GlobalSection(ExtensibilityGlobals) = postSolution
		SolutionGuid = {716EF5BB-E81D-4775-8794-E8B0BED3C42D}
	EndGlobalSection
EndGlobal
